
Microsoft Visual Studio Solution File, Format Version 12.00
# Visual Studio Version 17
VisualStudioVersion = 17.2.32505.173
MinimumVisualStudioVersion = 10.0.40219.1
Project("{FAE04EC0-301F-11D3-BF4B-00C04F79EFBC}") = "Sparky", "Sparky\Sparky.csproj", "{8FE4C66C-78EE-4CA2-8A56-9DC42B729A1A}"
EndProject
Project("{FAE04EC0-301F-11D3-BF4B-00C04F79EFBC}") = "SparkyMsTest", "SparkyMsTest\SparkyMsTest.csproj", "{8198C6EA-ACFD-4D74-8842-7CF249F277E8}"
EndProject
Global
	GlobalSection(SolutionConfigurationPlatforms) = preSolution
		Debug|Any CPU = Debug|Any CPU
		Release|Any CPU = Release|Any CPU
	EndGlobalSection
	GlobalSection(ProjectConfigurationPlatforms) = postSolution
		{8FE4C66C-78EE-4CA2-8A56-9DC42B729A1A}.Debug|Any CPU.ActiveCfg = Debug|Any CPU
		{8FE4C66C-78EE-4CA2-8A56-9DC42B729A1A}.Debug|Any CPU.Build.0 = Debug|Any CPU
		{8FE4C66C-78EE-4CA2-8A56-9DC42B729A1A}.Release|Any CPU.ActiveCfg = Release|Any CPU
		{8FE4C66C-78EE-4CA2-8A56-9DC42B729A1A}.Release|Any CPU.Build.0 = Release|Any CPU
		{8198C6EA-ACFD-4D74-8842-7CF249F277E8}.Debug|Any CPU.ActiveCfg = Debug|Any CPU
		{8198C6EA-ACFD-4D74-8842-7CF249F277E8}.Debug|Any CPU.Build.0 = Debug|Any CPU
		{8198C6EA-ACFD-4D74-8842-7CF249F277E8}.Release|Any CPU.ActiveCfg = Release|Any CPU
		{8198C6EA-ACFD-4D74-8842-7CF249F277E8}.Release|Any CPU.Build.0 = Release|Any CPU
	EndGlobalSection
	GlobalSection(SolutionProperties) = preSolution
		HideSolutionNode = FALSE
	EndGlobalSection
	GlobalSection(ExtensibilityGlobals) = postSolution
		SolutionGuid = {3F13FD6C-F63E-48CF-A363-467E6CDCEA89}
	EndGlobalSection
EndGlobal
