
Microsoft Visual Studio Solution File, Format Version 12.00
# Visual Studio Version 17
VisualStudioVersion = 17.2.32505.173
MinimumVisualStudioVersion = 10.0.40219.1
Project("{9A19103F-16F7-4668-BE54-9A1E7A4F7556}") = "Sparky", "Sparky\Sparky.csproj", "{8FE4C66C-78EE-4CA2-8A56-9DC42B729A1A}"
EndProject
Project("{9A19103F-16F7-4668-BE54-9A1E7A4F7556}") = "SparkyMsTest", "SparkyMsTest\SparkyMsTest.csproj", "{8198C6EA-ACFD-4D74-8842-7CF249F277E8}"
EndProject
Project("{9A19103F-16F7-4668-BE54-9A1E7A4F7556}") = "SparkyNUnitTest", "SparkyNUnitTest\SparkyNUnitTest.csproj", "{36CC2E8C-9626-4643-9686-6A3ECFF43FAE}"
EndProject
Project("{2150E333-8FDC-42A3-9474-1A3956D46DE8}") = "Basic foundation", "Basic foundation", "{6620A64D-A786-4EF7-9A80-EE9C2C0B3191}"
EndProject
Project("{2150E333-8FDC-42A3-9474-1A3956D46DE8}") = "BongoWeb", "BongoWeb", "{0B58E4AE-8AFA-4995-8097-DE1F3514ACC8}"
EndProject
Project("{9A19103F-16F7-4668-BE54-9A1E7A4F7556}") = "Bongo.Core", "Bongo_InitialSetup (.NET 5)\Bongo.Core\Bongo.Core.csproj", "{F6F811BB-941E-4D91-A04A-209538BA4A44}"
EndProject
Project("{9A19103F-16F7-4668-BE54-9A1E7A4F7556}") = "Bongo.DataAccess", "Bongo_InitialSetup (.NET 5)\Bongo.DataAccess\Bongo.DataAccess.csproj", "{FF0CE6EE-AB4A-41C7-9969-102240AB7F10}"
EndProject
Project("{9A19103F-16F7-4668-BE54-9A1E7A4F7556}") = "Bongo.Models", "Bongo_InitialSetup (.NET 5)\Bongo.Models\Bongo.Models.csproj", "{1C793B4E-24B6-482C-8601-40B3A86E7F02}"
EndProject
Project("{9A19103F-16F7-4668-BE54-9A1E7A4F7556}") = "Bongo.Web", "Bongo_InitialSetup (.NET 5)\Bongo.Web\Bongo.Web.csproj", "{F2DBF957-2312-48E1-A322-48C4CBD92C22}"
EndProject
Project("{FAE04EC0-301F-11D3-BF4B-00C04F79EFBC}") = "Bongo.Models.Tests", "Bongo.Models.Tests\Bongo.Models.Tests.csproj", "{EA8F85A1-D231-4751-9A10-80AA9DAA06F6}"
EndProject
Global
	GlobalSection(SolutionConfigurationPlatforms) = preSolution
		Debug|Any CPU = Debug|Any CPU
		Release|Any CPU = Release|Any CPU
	EndGlobalSection
	GlobalSection(ProjectConfigurationPlatforms) = postSolution
		{8FE4C66C-78EE-4CA2-8A56-9DC42B729A1A}.Debug|Any CPU.ActiveCfg = Debug|Any CPU
		{8FE4C66C-78EE-4CA2-8A56-9DC42B729A1A}.Debug|Any CPU.Build.0 = Debug|Any CPU
		{8FE4C66C-78EE-4CA2-8A56-9DC42B729A1A}.Release|Any CPU.ActiveCfg = Release|Any CPU
		{8FE4C66C-78EE-4CA2-8A56-9DC42B729A1A}.Release|Any CPU.Build.0 = Release|Any CPU
		{8198C6EA-ACFD-4D74-8842-7CF249F277E8}.Debug|Any CPU.ActiveCfg = Debug|Any CPU
		{8198C6EA-ACFD-4D74-8842-7CF249F277E8}.Debug|Any CPU.Build.0 = Debug|Any CPU
		{8198C6EA-ACFD-4D74-8842-7CF249F277E8}.Release|Any CPU.ActiveCfg = Release|Any CPU
		{8198C6EA-ACFD-4D74-8842-7CF249F277E8}.Release|Any CPU.Build.0 = Release|Any CPU
		{36CC2E8C-9626-4643-9686-6A3ECFF43FAE}.Debug|Any CPU.ActiveCfg = Debug|Any CPU
		{36CC2E8C-9626-4643-9686-6A3ECFF43FAE}.Debug|Any CPU.Build.0 = Debug|Any CPU
		{36CC2E8C-9626-4643-9686-6A3ECFF43FAE}.Release|Any CPU.ActiveCfg = Release|Any CPU
		{36CC2E8C-9626-4643-9686-6A3ECFF43FAE}.Release|Any CPU.Build.0 = Release|Any CPU
		{F6F811BB-941E-4D91-A04A-209538BA4A44}.Debug|Any CPU.ActiveCfg = Debug|Any CPU
		{F6F811BB-941E-4D91-A04A-209538BA4A44}.Debug|Any CPU.Build.0 = Debug|Any CPU
		{F6F811BB-941E-4D91-A04A-209538BA4A44}.Release|Any CPU.ActiveCfg = Release|Any CPU
		{F6F811BB-941E-4D91-A04A-209538BA4A44}.Release|Any CPU.Build.0 = Release|Any CPU
		{FF0CE6EE-AB4A-41C7-9969-102240AB7F10}.Debug|Any CPU.ActiveCfg = Debug|Any CPU
		{FF0CE6EE-AB4A-41C7-9969-102240AB7F10}.Debug|Any CPU.Build.0 = Debug|Any CPU
		{FF0CE6EE-AB4A-41C7-9969-102240AB7F10}.Release|Any CPU.ActiveCfg = Release|Any CPU
		{FF0CE6EE-AB4A-41C7-9969-102240AB7F10}.Release|Any CPU.Build.0 = Release|Any CPU
		{1C793B4E-24B6-482C-8601-40B3A86E7F02}.Debug|Any CPU.ActiveCfg = Debug|Any CPU
		{1C793B4E-24B6-482C-8601-40B3A86E7F02}.Debug|Any CPU.Build.0 = Debug|Any CPU
		{1C793B4E-24B6-482C-8601-40B3A86E7F02}.Release|Any CPU.ActiveCfg = Release|Any CPU
		{1C793B4E-24B6-482C-8601-40B3A86E7F02}.Release|Any CPU.Build.0 = Release|Any CPU
		{F2DBF957-2312-48E1-A322-48C4CBD92C22}.Debug|Any CPU.ActiveCfg = Debug|Any CPU
		{F2DBF957-2312-48E1-A322-48C4CBD92C22}.Debug|Any CPU.Build.0 = Debug|Any CPU
		{F2DBF957-2312-48E1-A322-48C4CBD92C22}.Release|Any CPU.ActiveCfg = Release|Any CPU
		{F2DBF957-2312-48E1-A322-48C4CBD92C22}.Release|Any CPU.Build.0 = Release|Any CPU
		{EA8F85A1-D231-4751-9A10-80AA9DAA06F6}.Debug|Any CPU.ActiveCfg = Debug|Any CPU
		{EA8F85A1-D231-4751-9A10-80AA9DAA06F6}.Debug|Any CPU.Build.0 = Debug|Any CPU
		{EA8F85A1-D231-4751-9A10-80AA9DAA06F6}.Release|Any CPU.ActiveCfg = Release|Any CPU
		{EA8F85A1-D231-4751-9A10-80AA9DAA06F6}.Release|Any CPU.Build.0 = Release|Any CPU
	EndGlobalSection
	GlobalSection(SolutionProperties) = preSolution
		HideSolutionNode = FALSE
	EndGlobalSection
	GlobalSection(NestedProjects) = preSolution
		{0B58E4AE-8AFA-4995-8097-DE1F3514ACC8} = {6620A64D-A786-4EF7-9A80-EE9C2C0B3191}
		{F6F811BB-941E-4D91-A04A-209538BA4A44} = {0B58E4AE-8AFA-4995-8097-DE1F3514ACC8}
		{FF0CE6EE-AB4A-41C7-9969-102240AB7F10} = {0B58E4AE-8AFA-4995-8097-DE1F3514ACC8}
		{1C793B4E-24B6-482C-8601-40B3A86E7F02} = {0B58E4AE-8AFA-4995-8097-DE1F3514ACC8}
		{F2DBF957-2312-48E1-A322-48C4CBD92C22} = {0B58E4AE-8AFA-4995-8097-DE1F3514ACC8}
		{EA8F85A1-D231-4751-9A10-80AA9DAA06F6} = {0B58E4AE-8AFA-4995-8097-DE1F3514ACC8}
	EndGlobalSection
	GlobalSection(ExtensibilityGlobals) = postSolution
		SolutionGuid = {3F13FD6C-F63E-48CF-A363-467E6CDCEA89}
	EndGlobalSection
EndGlobal
